
Microsoft Visual Studio Solution File, Format Version 12.00
# Visual Studio Version 16
VisualStudioVersion = 16.0.28803.352
MinimumVisualStudioVersion = 10.0.40219.1
Project("{888888A0-9F3D-457C-B088-3A5042F75D52}") = "PythonTestSite", "PythonTestSite.pyproj", "{2BFC5063-6864-42E6-B9C6-FCC7B64F6103}"
EndProject
Global
	GlobalSection(SolutionConfigurationPlatforms) = preSolution
		Debug|Any CPU = Debug|Any CPU
		Release|Any CPU = Release|Any CPU
	EndGlobalSection
	GlobalSection(ProjectConfigurationPlatforms) = postSolution
		{2BFC5063-6864-42E6-B9C6-FCC7B64F6103}.Debug|Any CPU.ActiveCfg = Debug|Any CPU
		{2BFC5063-6864-42E6-B9C6-FCC7B64F6103}.Debug|Any CPU.Build.0 = Debug|Any CPU
		{2BFC5063-6864-42E6-B9C6-FCC7B64F6103}.Release|Any CPU.ActiveCfg = Release|Any CPU
		{2BFC5063-6864-42E6-B9C6-FCC7B64F6103}.Release|Any CPU.Build.0 = Release|Any CPU
	EndGlobalSection
	GlobalSection(SolutionProperties) = preSolution
		HideSolutionNode = FALSE
	EndGlobalSection
	GlobalSection(ExtensibilityGlobals) = postSolution
		SolutionGuid = {E2760281-79BB-458E-9984-C8863AEEA233}
	EndGlobalSection
EndGlobal
